
Microsoft Visual Studio Solution File, Format Version 12.00
# Visual Studio Version 17
VisualStudioVersion = 17.6.33829.357
MinimumVisualStudioVersion = 10.0.40219.1
Project("{8BC9CEB8-8B4A-11D0-8D11-00A0C91BC942}") = "Thread_Pool", "Thread_Pool\Thread_Pool.vcxproj", "{CFD21375-9EE8-4DED-8B0C-D10BC0039B8B}"
EndProject
Global
	GlobalSection(SolutionConfigurationPlatforms) = preSolution
		Debug|x64 = Debug|x64
		Debug|x86 = Debug|x86
		Release|x64 = Release|x64
		Release|x86 = Release|x86
	EndGlobalSection
	GlobalSection(ProjectConfigurationPlatforms) = postSolution
		{CFD21375-9EE8-4DED-8B0C-D10BC0039B8B}.Debug|x64.ActiveCfg = Debug|x64
		{CFD21375-9EE8-4DED-8B0C-D10BC0039B8B}.Debug|x64.Build.0 = Debug|x64
		{CFD21375-9EE8-4DED-8B0C-D10BC0039B8B}.Debug|x86.ActiveCfg = Debug|Win32
		{CFD21375-9EE8-4DED-8B0C-D10BC0039B8B}.Debug|x86.Build.0 = Debug|Win32
		{CFD21375-9EE8-4DED-8B0C-D10BC0039B8B}.Release|x64.ActiveCfg = Release|x64
		{CFD21375-9EE8-4DED-8B0C-D10BC0039B8B}.Release|x64.Build.0 = Release|x64
		{CFD21375-9EE8-4DED-8B0C-D10BC0039B8B}.Release|x86.ActiveCfg = Release|Win32
		{CFD21375-9EE8-4DED-8B0C-D10BC0039B8B}.Release|x86.Build.0 = Release|Win32
	EndGlobalSection
	GlobalSection(SolutionProperties) = preSolution
		HideSolutionNode = FALSE
	EndGlobalSection
	GlobalSection(ExtensibilityGlobals) = postSolution
		SolutionGuid = {81579F7C-CE96-4C4C-B936-E8AEF46C0D09}
	EndGlobalSection
EndGlobal
